{
  "nodes": {
    "nixpkgs": {
      "locked": {
        "lastModified": 1623580589,
        "narHash": "sha256-VkMevY2WLU+K7T/P4wVj18Ms8zyeRfp05ILf556m5Y8=",
        "owner": "nixos",
        "repo": "nixpkgs",
        "rev": "d3f7e969b9860fb80750147aeb56dab1c730e756",
        "type": "github"
      },
      "original": {
        "owner": "nixos",
        "ref": "nixos-unstable",
        "repo": "nixpkgs",
        "type": "github"
      }
    },
    "root": {
      "inputs": {
        "nixpkgs": "nixpkgs"
      }
    }
  },
  "root": "root",
  "version": 7
}
