{
  "nodes": {
    "nixpkgs": {
      "locked": {
        "lastModified": 1623580589,
        "narHash": "sha256-zkMevY2WLU+K7T/P4wVj18Ms8zyeRfp05ILf556m5Y8=",
        "owner": "nixos",
        "repo": "nixpkgs",
        "rev": "e38a06b96a0448d6972b7e51b2424130bb08ab1b",
        "type": "github"
      },
      "original": {
        "owner": "nixos",
        "ref": "nixos-unstable",
        "repo": "nixpkgs",
        "type": "github"
      }
    },
    "root": {
      "inputs": {
        "nixpkgs": "nixpkgs"
      }
    }
  },
  "root": "root",
  "version": 7
}
