{
  "nodes": {
    "nixpkgs": {
      "locked": {
        "lastModified": 1623580589,
        "narHash": "sha256-0kMevY2WLU+K7T/P4wVj18Ms8zyeRfp05ILf556m5Y8=",
        "owner": "nixos",
        "repo": "nixpkgs",
        "rev": "9e5af7b6657efb423b6110309f7a8e8796e2f411",
        "type": "github"
      },
      "original": {
        "owner": "nixos",
        "ref": "nixos-unstable",
        "repo": "nixpkgs",
        "type": "github"
      }
    },
    "root": {
      "inputs": {
        "nixpkgs": "nixpkgs"
      }
    }
  },
  "root": "root",
  "version": 7
}
